
Microsoft Visual Studio Solution File, Format Version 12.00
# Visual Studio Version 16
VisualStudioVersion = 16.0.30621.155
MinimumVisualStudioVersion = 10.0.40219.1
Project("{FAE04EC0-301F-11D3-BF4B-00C04F79EFBC}") = "Ftx.Net", "Ftx.Net\Ftx.Net.csproj", "{B722D3ED-0FC9-4D1B-BA5B-2CD93A239428}"
EndProject
Project("{FAE04EC0-301F-11D3-BF4B-00C04F79EFBC}") = "Ftx.Net.ConsoleApp", "Ftx.Net.ConsoleApp\Ftx.Net.ConsoleApp.csproj", "{372E633E-3992-42FB-A685-62CDA4186697}"
EndProject
Global
	GlobalSection(SolutionConfigurationPlatforms) = preSolution
		Debug|Any CPU = Debug|Any CPU
		Release|Any CPU = Release|Any CPU
	EndGlobalSection
	GlobalSection(ProjectConfigurationPlatforms) = postSolution
		{B722D3ED-0FC9-4D1B-BA5B-2CD93A239428}.Debug|Any CPU.ActiveCfg = Debug|Any CPU
		{B722D3ED-0FC9-4D1B-BA5B-2CD93A239428}.Debug|Any CPU.Build.0 = Debug|Any CPU
		{B722D3ED-0FC9-4D1B-BA5B-2CD93A239428}.Release|Any CPU.ActiveCfg = Release|Any CPU
		{B722D3ED-0FC9-4D1B-BA5B-2CD93A239428}.Release|Any CPU.Build.0 = Release|Any CPU
		{372E633E-3992-42FB-A685-62CDA4186697}.Debug|Any CPU.ActiveCfg = Debug|Any CPU
		{372E633E-3992-42FB-A685-62CDA4186697}.Debug|Any CPU.Build.0 = Debug|Any CPU
		{372E633E-3992-42FB-A685-62CDA4186697}.Release|Any CPU.ActiveCfg = Release|Any CPU
		{372E633E-3992-42FB-A685-62CDA4186697}.Release|Any CPU.Build.0 = Release|Any CPU
	EndGlobalSection
	GlobalSection(SolutionProperties) = preSolution
		HideSolutionNode = FALSE
	EndGlobalSection
	GlobalSection(ExtensibilityGlobals) = postSolution
		SolutionGuid = {A90B934F-62C9-46AA-86BC-A8D350021A2A}
	EndGlobalSection
EndGlobal
